// !$*UTF8*$!
{
	archiveVersion = 1;
	classes = {
	};
	objectVersion = 46;
	objects = {

/* Begin PBXBuildFile section */
		3085276B1C36F93200B8A0BA /* AppDelegate.swift in Sources */ = {isa = PBXBuildFile; fileRef = 3085276A1C36F93200B8A0BA /* AppDelegate.swift */; };
		3085276D1C36F93200B8A0BA /* Assets.xcassets in Resources */ = {isa = PBXBuildFile; fileRef = 3085276C1C36F93200B8A0BA /* Assets.xcassets */; };
		308527781C36FAA100B8A0BA /* MainMenu.xib in Resources */ = {isa = PBXBuildFile; fileRef = 308527771C36FAA100B8A0BA /* MainMenu.xib */; };
/* End PBXBuildFile section */

/* Begin PBXFileReference section */
		308527671C36F93200B8A0BA /* Wine.app */ = {isa = PBXFileReference; explicitFileType = wrapper.application; includeInIndex = 0; path = Wine.app; sourceTree = BUILT_PRODUCTS_DIR; };
		3085276A1C36F93200B8A0BA /* AppDelegate.swift */ = {isa = PBXFileReference; lastKnownFileType = sourcecode.swift; path = AppDelegate.swift; sourceTree = "<group>"; };
		3085276C1C36F93200B8A0BA /* Assets.xcassets */ = {isa = PBXFileReference; lastKnownFileType = folder.assetcatalog; path = Assets.xcassets; sourceTree = "<group>"; };
		308527711C36F93200B8A0BA /* Info.plist */ = {isa = PBXFileReference; lastKnownFileType = text.plist.xml; path = Info.plist; sourceTree = "<group>"; };
		308527771C36FAA100B8A0BA /* MainMenu.xib */ = {isa = PBXFileReference; fileEncoding = 4; lastKnownFileType = file.xib; path = MainMenu.xib; sourceTree = "<group>"; };
/* End PBXFileReference section */

/* Begin PBXFrameworksBuildPhase section */
		308527641C36F93200B8A0BA /* Frameworks */ = {
			isa = PBXFrameworksBuildPhase;
			buildActionMask = 2147483647;
			files = (
			);
			runOnlyForDeploymentPostprocessing = 0;
		};
/* End PBXFrameworksBuildPhase section */

/* Begin PBXGroup section */
		3085275E1C36F93200B8A0BA = {
			isa = PBXGroup;
			children = (
				308527691C36F93200B8A0BA /* Wine */,
				308527681C36F93200B8A0BA /* Products */,
			);
			sourceTree = "<group>";
		};
		308527681C36F93200B8A0BA /* Products */ = {
			isa = PBXGroup;
			children = (
				308527671C36F93200B8A0BA /* Wine.app */,
			);
			name = Products;
			sourceTree = "<group>";
		};
		308527691C36F93200B8A0BA /* Wine */ = {
			isa = PBXGroup;
			children = (
				3085276A1C36F93200B8A0BA /* AppDelegate.swift */,
				3085276C1C36F93200B8A0BA /* Assets.xcassets */,
				308527771C36FAA100B8A0BA /* MainMenu.xib */,
				308527711C36F93200B8A0BA /* Info.plist */,
			);
			path = Wine;
			sourceTree = "<group>";
		};
/* End PBXGroup section */

/* Begin PBXNativeTarget section */
		308527661C36F93200B8A0BA /* Wine */ = {
			isa = PBXNativeTarget;
			buildConfigurationList = 308527741C36F93200B8A0BA /* Build configuration list for PBXNativeTarget "Wine" */;
			buildPhases = (
				308527631C36F93200B8A0BA /* Sources */,
				308527641C36F93200B8A0BA /* Frameworks */,
				308527651C36F93200B8A0BA /* Resources */,
			);
			buildRules = (
			);
			dependencies = (
			);
			name = Wine;
			productName = Wine;
			productReference = 308527671C36F93200B8A0BA /* Wine.app */;
			productType = "com.apple.product-type.application";
		};
/* End PBXNativeTarget section */

/* Begin PBXProject section */
		3085275F1C36F93200B8A0BA /* Project object */ = {
			isa = PBXProject;
			attributes = {
				LastSwiftUpdateCheck = 0720;
				LastUpgradeCheck = 0720;
				ORGANIZATIONNAME = Danny;
				TargetAttributes = {
					308527661C36F93200B8A0BA = {
						CreatedOnToolsVersion = 7.2;
					};
				};
			};
			buildConfigurationList = 308527621C36F93200B8A0BA /* Build configuration list for PBXProject "Wine" */;
			compatibilityVersion = "Xcode 3.2";
			developmentRegion = English;
			hasScannedForEncodings = 0;
			knownRegions = (
				en,
				Base,
			);
			mainGroup = 3085275E1C36F93200B8A0BA;
			productRefGroup = 308527681C36F93200B8A0BA /* Products */;
			projectDirPath = "";
			projectRoot = "";
			targets = (
				308527661C36F93200B8A0BA /* Wine */,
			);
		};
/* End PBXProject section */

/* Begin PBXResourcesBuildPhase section */
		308527651C36F93200B8A0BA /* Resources */ = {
			isa = PBXResourcesBuildPhase;
			buildActionMask = 2147483647;
			files = (
				3085276D1C36F93200B8A0BA /* Assets.xcassets in Resources */,
				308527781C36FAA100B8A0BA /* MainMenu.xib in Resources */,
			);
			runOnlyForDeploymentPostprocessing = 0;
		};
/* End PBXResourcesBuildPhase section */

/* Begin PBXSourcesBuildPhase section */
		308527631C36F93200B8A0BA /* Sources */ = {
			isa = PBXSourcesBuildPhase;
			buildActionMask = 2147483647;
			files = (
				3085276B1C36F93200B8A0BA /* AppDelegate.swift in Sources */,
			);
			runOnlyForDeploymentPostprocessing = 0;
		};
/* End PBXSourcesBuildPhase section */

/* Begin XCBuildConfiguration section */
		308527721C36F93200B8A0BA /* Debug */ = {
			isa = XCBuildConfiguration;
			buildSettings = {
				ALWAYS_SEARCH_USER_PATHS = NO;
				CLANG_CXX_LANGUAGE_STANDARD = "gnu++0x";
				CLANG_CXX_LIBRARY = "libc++";
				CLANG_ENABLE_MODULES = YES;
				CLANG_ENABLE_OBJC_ARC = YES;
				CLANG_WARN_BOOL_CONVERSION = YES;
				CLANG_WARN_CONSTANT_CONVERSION = YES;
				CLANG_WARN_DIRECT_OBJC_ISA_USAGE = YES_ERROR;
				CLANG_WARN_EMPTY_BODY = YES;
				CLANG_WARN_ENUM_CONVERSION = YES;
				CLANG_WARN_INT_CONVERSION = YES;
				CLANG_WARN_OBJC_ROOT_CLASS = YES_ERROR;
				CLANG_WARN_UNREACHABLE_CODE = YES;
				CLANG_WARN__DUPLICATE_METHOD_MATCH = YES;
				CODE_SIGN_IDENTITY = "-";
				COPY_PHASE_STRIP = NO;
				DEBUG_INFORMATION_FORMAT = dwarf;
				ENABLE_STRICT_OBJC_MSGSEND = YES;
				ENABLE_TESTABILITY = YES;
				GCC_C_LANGUAGE_STANDARD = gnu99;
				GCC_DYNAMIC_NO_PIC = NO;
				GCC_NO_COMMON_BLOCKS = YES;
				GCC_OPTIMIZATION_LEVEL = 0;
				GCC_PREPROCESSOR_DEFINITIONS = (
					"DEBUG=1",
					"$(inherited)",
				);
				GCC_WARN_64_TO_32_BIT_CONVERSION = YES;
				GCC_WARN_ABOUT_RETURN_TYPE = YES_ERROR;
				GCC_WARN_UNDECLARED_SELECTOR = YES;
				GCC_WARN_UNINITIALIZED_AUTOS = YES_AGGRESSIVE;
				GCC_WARN_UNUSED_FUNCTION = YES;
				GCC_WARN_UNUSED_VARIABLE = YES;
				MACOSX_DEPLOYMENT_TARGET = 10.11;
				MTL_ENABLE_DEBUG_INFO = YES;
				ONLY_ACTIVE_ARCH = YES;
				SDKROOT = macosx;
				SWIFT_OPTIMIZATION_LEVEL = "-Onone";
			};
			name = Debug;
		};
		308527731C36F93200B8A0BA /* Release */ = {
			isa = XCBuildConfiguration;
			buildSettings = {
				ALWAYS_SEARCH_USER_PATHS = NO;
				CLANG_CXX_LANGUAGE_STANDARD = "gnu++0x";
				CLANG_CXX_LIBRARY = "libc++";
				CLANG_ENABLE_MODULES = YES;
				CLANG_ENABLE_OBJC_ARC = YES;
				CLANG_WARN_BOOL_CONVERSION = YES;
				CLANG_WARN_CONSTANT_CONVERSION = YES;
				CLANG_WARN_DIRECT_OBJC_ISA_USAGE = YES_ERROR;
				CLANG_WARN_EMPTY_BODY = YES;
				CLANG_WARN_ENUM_CONVERSION = YES;
				CLANG_WARN_INT_CONVERSION = YES;
				CLANG_WARN_OBJC_ROOT_CLASS = YES_ERROR;
				CLANG_WARN_UNREACHABLE_CODE = YES;
				CLANG_WARN__DUPLICATE_METHOD_MATCH = YES;
				CODE_SIGN_IDENTITY = "-";
				COPY_PHASE_STRIP = NO;
				DEBUG_INFORMATION_FORMAT = "dwarf-with-dsym";
				ENABLE_NS_ASSERTIONS = NO;
				ENABLE_STRICT_OBJC_MSGSEND = YES;
				GCC_C_LANGUAGE_STANDARD = gnu99;
				GCC_NO_COMMON_BLOCKS = YES;
				GCC_WARN_64_TO_32_BIT_CONVERSION = YES;
				GCC_WARN_ABOUT_RETURN_TYPE = YES_ERROR;
				GCC_WARN_UNDECLARED_SELECTOR = YES;
				GCC_WARN_UNINITIALIZED_AUTOS = YES_AGGRESSIVE;
				GCC_WARN_UNUSED_FUNCTION = YES;
				GCC_WARN_UNUSED_VARIABLE = YES;
				MACOSX_DEPLOYMENT_TARGET = 10.11;
				MTL_ENABLE_DEBUG_INFO = NO;
				SDKROOT = macosx;
			};
			name = Release;
		};
		308527751C36F93200B8A0BA /* Debug */ = {
			isa = XCBuildConfiguration;
			buildSettings = {
				ASSETCATALOG_COMPILER_APPICON_NAME = AppIcon;
				COMBINE_HIDPI_IMAGES = YES;
				INFOPLIST_FILE = Wine/Info.plist;
				LD_RUNPATH_SEARCH_PATHS = "$(inherited) @executable_path/../Frameworks";
				PRODUCT_BUNDLE_IDENTIFIER = moe.saru.osx.wrapper.Wine;
				PRODUCT_NAME = "$(TARGET_NAME)";
			};
			name = Debug;
		};
		308527761C36F93200B8A0BA /* Release */ = {
			isa = XCBuildConfiguration;
			buildSettings = {
				ASSETCATALOG_COMPILER_APPICON_NAME = AppIcon;
				COMBINE_HIDPI_IMAGES = YES;
				INFOPLIST_FILE = Wine/Info.plist;
				LD_RUNPATH_SEARCH_PATHS = "$(inherited) @executable_path/../Frameworks";
				PRODUCT_BUNDLE_IDENTIFIER = moe.saru.osx.wrapper.Wine;
				PRODUCT_NAME = "$(TARGET_NAME)";
			};
			name = Release;
		};
/* End XCBuildConfiguration section */

/* Begin XCConfigurationList section */
		308527621C36F93200B8A0BA /* Build configuration list for PBXProject "Wine" */ = {
			isa = XCConfigurationList;
			buildConfigurations = (
				308527721C36F93200B8A0BA /* Debug */,
				308527731C36F93200B8A0BA /* Release */,
			);
			defaultConfigurationIsVisible = 0;
			defaultConfigurationName = Release;
		};
		308527741C36F93200B8A0BA /* Build configuration list for PBXNativeTarget "Wine" */ = {
			isa = XCConfigurationList;
			buildConfigurations = (
				308527751C36F93200B8A0BA /* Debug */,
				308527761C36F93200B8A0BA /* Release */,
			);
			defaultConfigurationIsVisible = 0;
			defaultConfigurationName = Release;
		};
/* End XCConfigurationList section */
	};
	rootObject = 3085275F1C36F93200B8A0BA /* Project object */;
}
